PackratFormat: 1.4
PackratVersion: 0.4.6.1
RVersion: 3.2.3
Repos: CRAN.CRAN=https://cran.rstudio.com

Package: BH
Source: CRAN
Version: 1.58.0-1
Hash: 4f6db3b5311bb006f536a2e67278d058

Package: DBI
Source: CRAN
Version: 0.3.1
Hash: 096699d1ac1cf530acfc646a0c90ee5d

Package: R6
Source: CRAN
Version: 2.1.1
Hash: 20a88b2c9c84aecff2702789a4d102f5

Package: Rcpp
Source: CRAN
Version: 0.12.2
Hash: 1928c2b7372e3f033217335f3fad25a3

Package: assertthat
Source: CRAN
Version: 0.1
Hash: 0afb92b59b02593c70ff8046700ba9d3

Package: bitops
Source: CRAN
Version: 1.0-6
Hash: 67d0775189fd0041d95abca618c5c07e

Package: caTools
Source: CRAN
Version: 1.17.1
Hash: 97cb6f6293cd18d17df77a6383cc6763
Requires: bitops

Package: digest
Source: CRAN
Version: 0.6.8
Hash: de202f956596a476d09304e3a2ebf1e5

Package: dplyr
Source: CRAN
Version: 0.4.3
Hash: 6747c41888a187a26ac4b03789b52a06
Requires: BH, DBI, R6, Rcpp, assertthat, lazyeval, magrittr

Package: evaluate
Source: CRAN
Version: 0.8
Hash: aac00bd789bac10970b50e3b7e0cab04
Requires: stringr

Package: formatR
Source: CRAN
Version: 1.2.1
Hash: 54c730c712edd6087972ecf99bf87c55

Package: highr
Source: CRAN
Version: 0.5.1
Hash: 114ef5abcf58bebbf6ac083b9cacbbd8

Package: htmltools
Source: CRAN
Version: 0.2.6
Hash: 595e7dea94f5f049dfc1ed739f5161af
Requires: digest

Package: jsonlite
Source: CRAN
Version: 0.9.19
Hash: 4a983f753b6e88ae0f5a6ac152d8cc32

Package: knitr
Source: github
Version: 1.11.3
Hash: 9a8f57729675712c25abb41eca3cee2f
Requires: digest, evaluate, formatR, highr, markdown, stringr, yaml
GithubRepo: knitr
GithubUsername: yihui
GithubRef: master
GithubSha1: 2e87031fc906b1230646b2e889df243400e48188

Package: lazyeval
Source: CRAN
Version: 0.1.10
Hash: 9679f1ac7f6bc07bc79755f34cd15e1f

Package: magrittr
Source: CRAN
Version: 1.5
Hash: bdc4d48c3135e8f3b399536ddf160df4

Package: markdown
Source: CRAN
Version: 0.7.7
Hash: fea2343a1119d61b0cc5c0a950d103a3
Requires: mime

Package: mime
Source: CRAN
Version: 0.4
Hash: b08c52dae92a0a11e64a4deea032ec33

Package: packrat
Source: CRAN
Version: 0.4.6-1
Hash: 29eacc43b096c5b1a82c8d54a49b030b

Package: pander
Source: CRAN
Version: 0.6.0
Hash: 06f966dcb230ac80768e97ca02c02029
Requires: Rcpp, digest

Package: plyr
Source: CRAN
Version: 1.8.3
Hash: 5cf4672c5940e265f2602d5d806d303d
Requires: Rcpp

Package: purrr
Source: CRAN
Version: 0.1.0
Hash: ef025c4a29bb6a503e40d253ce2a3f6a
Requires: BH, Rcpp, dplyr, magrittr

Package: rmarkdown
Source: CRAN
Version: 0.8.1
Hash: 13ce5c86c765918f857c602d97d1ffb9
Requires: caTools, htmltools, knitr, yaml

Package: stringi
Source: CRAN
Version: 1.0-1
Hash: cf342bc407bd5daec77ed1009d5244e1

Package: stringr
Source: CRAN
Version: 1.0.0
Hash: 2676dd5f88890910962b733b0f9540e1
Requires: magrittr, stringi

Package: tidyr
Source: CRAN
Version: 0.3.1
Hash: 1606e7bf29585ceb6ae1c309d8695793
Requires: Rcpp, dplyr, lazyeval, magrittr, stringi

Package: yaml
Source: CRAN
Version: 2.1.13
Hash: 4854ccabebc225e8a7309fb4a74980de
